
Microsoft Visual Studio Solution File, Format Version 12.00
# Visual Studio Version 17
VisualStudioVersion = 17.2.32519.379
MinimumVisualStudioVersion = 10.0.40219.1
Project("{9A19103F-16F7-4668-BE54-9A1E7A4F7556}") = "IMS", "IMS\IMS.csproj", "{A1D9253C-4EC6-407D-AD8F-36A05BA48B1C}"
EndProject
Project("{9A19103F-16F7-4668-BE54-9A1E7A4F7556}") = "Infrastructure", "Infrastructure\Infrastructure.csproj", "{499AA327-E396-429D-A500-EDE0F9B70691}"
EndProject
Project("{FAE04EC0-301F-11D3-BF4B-00C04F79EFBC}") = "LibExcel", "LibExcel\LibExcel.csproj", "{581D94CF-42D5-4DAD-9722-032A40738201}"
EndProject
Project("{9A19103F-16F7-4668-BE54-9A1E7A4F7556}") = "DataVisualization", "DataVisualization\DataVisualization.csproj", "{1725054F-257A-40F2-AE5C-C8FF8DF58ED3}"
EndProject
Project("{9A19103F-16F7-4668-BE54-9A1E7A4F7556}") = "FeederProject", "FeederProject\FeederProject.csproj", "{EE209FE5-4869-4AE2-8534-2D6D7DFAEFB8}"
EndProject
Global
	GlobalSection(SolutionConfigurationPlatforms) = preSolution
		Debug|Any CPU = Debug|Any CPU
		Release|Any CPU = Release|Any CPU
	EndGlobalSection
	GlobalSection(ProjectConfigurationPlatforms) = postSolution
		{A1D9253C-4EC6-407D-AD8F-36A05BA48B1C}.Debug|Any CPU.ActiveCfg = Debug|Any CPU
		{A1D9253C-4EC6-407D-AD8F-36A05BA48B1C}.Debug|Any CPU.Build.0 = Debug|Any CPU
		{A1D9253C-4EC6-407D-AD8F-36A05BA48B1C}.Release|Any CPU.ActiveCfg = Release|Any CPU
		{A1D9253C-4EC6-407D-AD8F-36A05BA48B1C}.Release|Any CPU.Build.0 = Release|Any CPU
		{499AA327-E396-429D-A500-EDE0F9B70691}.Debug|Any CPU.ActiveCfg = Debug|Any CPU
		{499AA327-E396-429D-A500-EDE0F9B70691}.Debug|Any CPU.Build.0 = Debug|Any CPU
		{499AA327-E396-429D-A500-EDE0F9B70691}.Release|Any CPU.ActiveCfg = Release|Any CPU
		{499AA327-E396-429D-A500-EDE0F9B70691}.Release|Any CPU.Build.0 = Release|Any CPU
		{581D94CF-42D5-4DAD-9722-032A40738201}.Debug|Any CPU.ActiveCfg = Debug|Any CPU
		{581D94CF-42D5-4DAD-9722-032A40738201}.Debug|Any CPU.Build.0 = Debug|Any CPU
		{581D94CF-42D5-4DAD-9722-032A40738201}.Release|Any CPU.ActiveCfg = Release|Any CPU
		{581D94CF-42D5-4DAD-9722-032A40738201}.Release|Any CPU.Build.0 = Release|Any CPU
		{1725054F-257A-40F2-AE5C-C8FF8DF58ED3}.Debug|Any CPU.ActiveCfg = Debug|Any CPU
		{1725054F-257A-40F2-AE5C-C8FF8DF58ED3}.Debug|Any CPU.Build.0 = Debug|Any CPU
		{1725054F-257A-40F2-AE5C-C8FF8DF58ED3}.Release|Any CPU.ActiveCfg = Release|Any CPU
		{1725054F-257A-40F2-AE5C-C8FF8DF58ED3}.Release|Any CPU.Build.0 = Release|Any CPU
		{EE209FE5-4869-4AE2-8534-2D6D7DFAEFB8}.Debug|Any CPU.ActiveCfg = Debug|Any CPU
		{EE209FE5-4869-4AE2-8534-2D6D7DFAEFB8}.Debug|Any CPU.Build.0 = Debug|Any CPU
		{EE209FE5-4869-4AE2-8534-2D6D7DFAEFB8}.Release|Any CPU.ActiveCfg = Release|Any CPU
		{EE209FE5-4869-4AE2-8534-2D6D7DFAEFB8}.Release|Any CPU.Build.0 = Release|Any CPU
	EndGlobalSection
	GlobalSection(SolutionProperties) = preSolution
		HideSolutionNode = FALSE
	EndGlobalSection
	GlobalSection(ExtensibilityGlobals) = postSolution
		SolutionGuid = {290B7AB7-0E5A-4371-AC72-35840F99F539}
	EndGlobalSection
EndGlobal
